
Microsoft Visual Studio Solution File, Format Version 12.00
# Visual Studio Version 17
VisualStudioVersion = 17.3.32922.545
MinimumVisualStudioVersion = 10.0.40219.1
Project("{FAE04EC0-301F-11D3-BF4B-00C04F79EFBC}") = "Demo Web API", "Demo Web API\Demo Web API.csproj", "{C75A4765-CFD0-4873-A866-1CF99C3886DD}"
EndProject
Global
	GlobalSection(SolutionConfigurationPlatforms) = preSolution
		Debug|Any CPU = Debug|Any CPU
		Release|Any CPU = Release|Any CPU
	EndGlobalSection
	GlobalSection(ProjectConfigurationPlatforms) = postSolution
		{C75A4765-CFD0-4873-A866-1CF99C3886DD}.Debug|Any CPU.ActiveCfg = Debug|Any CPU
		{C75A4765-CFD0-4873-A866-1CF99C3886DD}.Debug|Any CPU.Build.0 = Debug|Any CPU
		{C75A4765-CFD0-4873-A866-1CF99C3886DD}.Release|Any CPU.ActiveCfg = Release|Any CPU
		{C75A4765-CFD0-4873-A866-1CF99C3886DD}.Release|Any CPU.Build.0 = Release|Any CPU
	EndGlobalSection
	GlobalSection(SolutionProperties) = preSolution
		HideSolutionNode = FALSE
	EndGlobalSection
	GlobalSection(ExtensibilityGlobals) = postSolution
		SolutionGuid = {C4C77599-FCDC-445E-82F8-390961532231}
	EndGlobalSection
EndGlobal
